
Microsoft Visual Studio Solution File, Format Version 12.00
# Visual Studio Version 17
VisualStudioVersion = 17.1.32210.238
MinimumVisualStudioVersion = 10.0.40219.1
Project("{9A19103F-16F7-4668-BE54-9A1E7A4F7556}") = "Cargo.Core", "Cargo.Core\Cargo.Core.csproj", "{D42C1EC2-A4C9-41C1-A583-F3E2AD0AECCF}"
EndProject
Project("{9A19103F-16F7-4668-BE54-9A1E7A4F7556}") = "Cargo.AdminPanel", "Cargo.AdminPanel\Cargo.AdminPanel.csproj", "{BC4B4872-C821-40DD-9125-205FF4AFBA42}"
EndProject
Project("{9A19103F-16F7-4668-BE54-9A1E7A4F7556}") = "CargoApi", "CargoApi\CargoApi.csproj", "{0A29F25F-066B-4730-9B20-B963C1368EF8}"
EndProject
Project("{9A19103F-16F7-4668-BE54-9A1E7A4F7556}") = "Cargo.IdentityServer", "Cargo.IdentityServer\Cargo.IdentityServer.csproj", "{49837F10-DD66-43E1-8383-33AE5A0B9509}"
EndProject
Global
	GlobalSection(SolutionConfigurationPlatforms) = preSolution
		Debug|Any CPU = Debug|Any CPU
		Release|Any CPU = Release|Any CPU
	EndGlobalSection
	GlobalSection(ProjectConfigurationPlatforms) = postSolution
		{D42C1EC2-A4C9-41C1-A583-F3E2AD0AECCF}.Debug|Any CPU.ActiveCfg = Debug|Any CPU
		{D42C1EC2-A4C9-41C1-A583-F3E2AD0AECCF}.Debug|Any CPU.Build.0 = Debug|Any CPU
		{D42C1EC2-A4C9-41C1-A583-F3E2AD0AECCF}.Release|Any CPU.ActiveCfg = Release|Any CPU
		{D42C1EC2-A4C9-41C1-A583-F3E2AD0AECCF}.Release|Any CPU.Build.0 = Release|Any CPU
		{BC4B4872-C821-40DD-9125-205FF4AFBA42}.Debug|Any CPU.ActiveCfg = Debug|Any CPU
		{BC4B4872-C821-40DD-9125-205FF4AFBA42}.Debug|Any CPU.Build.0 = Debug|Any CPU
		{BC4B4872-C821-40DD-9125-205FF4AFBA42}.Release|Any CPU.ActiveCfg = Release|Any CPU
		{BC4B4872-C821-40DD-9125-205FF4AFBA42}.Release|Any CPU.Build.0 = Release|Any CPU
		{0A29F25F-066B-4730-9B20-B963C1368EF8}.Debug|Any CPU.ActiveCfg = Debug|Any CPU
		{0A29F25F-066B-4730-9B20-B963C1368EF8}.Debug|Any CPU.Build.0 = Debug|Any CPU
		{0A29F25F-066B-4730-9B20-B963C1368EF8}.Release|Any CPU.ActiveCfg = Release|Any CPU
		{0A29F25F-066B-4730-9B20-B963C1368EF8}.Release|Any CPU.Build.0 = Release|Any CPU
		{49837F10-DD66-43E1-8383-33AE5A0B9509}.Debug|Any CPU.ActiveCfg = Debug|Any CPU
		{49837F10-DD66-43E1-8383-33AE5A0B9509}.Debug|Any CPU.Build.0 = Debug|Any CPU
		{49837F10-DD66-43E1-8383-33AE5A0B9509}.Release|Any CPU.ActiveCfg = Release|Any CPU
		{49837F10-DD66-43E1-8383-33AE5A0B9509}.Release|Any CPU.Build.0 = Release|Any CPU
	EndGlobalSection
	GlobalSection(SolutionProperties) = preSolution
		HideSolutionNode = FALSE
	EndGlobalSection
	GlobalSection(ExtensibilityGlobals) = postSolution
		SolutionGuid = {0AB55F6C-F445-4E85-A8B3-63FCE9480ADB}
	EndGlobalSection
EndGlobal
